{
  "originHash" : "329c34447c287858f55ef34b33df788cefef510a4bc0c25de843a5050c127089",
  "pins" : [
    {
      "identity" : "http-client",
      "kind" : "remoteSourceControl",
      "location" : "https://github.com/zunda-pixel/http-client",
      "state" : {
        "revision" : "2a073b058e4c2ffc2810373ac98dc2eeb5974e5e",
        "version" : "0.3.1"
      }
    },
    {
      "identity" : "swift-http-types",
      "kind" : "remoteSourceControl",
      "location" : "https://github.com/apple/swift-http-types",
      "state" : {
        "revision" : "a0a57e949a8903563aba4615869310c0ebf14c03",
        "version" : "1.4.0"
      }
    }
  ],
  "version" : 3
}
